
Microsoft Visual Studio Solution File, Format Version 12.00
# Visual Studio Version 16
VisualStudioVersion = 25.0.1700.0
MinimumVisualStudioVersion = 10.0.40219.1
Project("{FAE04EC0-301F-11D3-BF4B-00C04F79EFBC}") = "BlazorApp", "BlazorApp.csproj", "{22403E23-248A-4E38-9D61-46E2209D40B4}"
EndProject
Global
	GlobalSection(SolutionConfigurationPlatforms) = preSolution
		Debug|Any CPU = Debug|Any CPU
		Release|Any CPU = Release|Any CPU
	EndGlobalSection
	GlobalSection(ProjectConfigurationPlatforms) = postSolution
		{22403E23-248A-4E38-9D61-46E2209D40B4}.Debug|Any CPU.ActiveCfg = Debug|Any CPU
		{22403E23-248A-4E38-9D61-46E2209D40B4}.Debug|Any CPU.Build.0 = Debug|Any CPU
		{22403E23-248A-4E38-9D61-46E2209D40B4}.Release|Any CPU.ActiveCfg = Release|Any CPU
		{22403E23-248A-4E38-9D61-46E2209D40B4}.Release|Any CPU.Build.0 = Release|Any CPU
	EndGlobalSection
	GlobalSection(SolutionProperties) = preSolution
		HideSolutionNode = FALSE
	EndGlobalSection
	GlobalSection(ExtensibilityGlobals) = postSolution
		SolutionGuid = {91DA74C3-9214-476F-B8AC-DA6DE9E6E20D}
	EndGlobalSection
EndGlobal
